PLANX GO PLUGIN TEMPLATE LOCK (v4.0)

## Authority

MUST comply with:
1. [planx-architecture.md](../planx-spec/planx-architecture.md)
2. [planx-ai-guardrails.md](../planx-spec/planx-ai-guardrails.md)
3. [AI_CONTRACT.md](../planx-spec/AI_CONTRACT.md)

---

--------------------------------
ALLOWED DIRECTORIES
--------------------------------
cmd/
internal/
go.mod

--------------------------------
FORBIDDEN
--------------------------------
pkg/
util/
common/
shared/
helpers/

--------------------------------
PLUGIN CONSTRAINTS
--------------------------------
- Exactly ONE plugin type per repo
- No runtime logic
- No direct gRPC usage
- SDK owns execution

--------------------------------
AI GUARDRAIL
--------------------------------
Runtime/infrastructure changes belong in their owning SDK or Engine repository.
Proceed there only within authorized scope; do not add that logic to this plugin.
